// !$*UTF8*$!
{
	archiveVersion = 1;
	classes = {
	};
	objectVersion = 48;
	objects = {

/* Begin PBXBuildFile section */
		E21360131FAD6A28005B0ACF /* AppDelegate.swift in Sources */ = {isa = PBXBuildFile; fileRef = E21360051FAD6A27005B0ACF /* AppDelegate.swift */; };
		E21360141FAD6A28005B0ACF /* Assets.xcassets in Resources */ = {isa = PBXBuildFile; fileRef = E21360061FAD6A27005B0ACF /* Assets.xcassets */; };
		E21360151FAD6A28005B0ACF /* LaunchScreen.storyboard in Resources */ = {isa = PBXBuildFile; fileRef = E21360071FAD6A27005B0ACF /* LaunchScreen.storyboard */; };
		E21360161FAD6A28005B0ACF /* Main.storyboard in Resources */ = {isa = PBXBuildFile; fileRef = E21360091FAD6A27005B0ACF /* Main.storyboard */; };
		E21360171FAD6A28005B0ACF /* Localizable.strings in Resources */ = {isa = PBXBuildFile; fileRef = E213600B1FAD6A27005B0ACF /* Localizable.strings */; };
		E21360191FAD6A28005B0ACF /* ViewController.swift in Sources */ = {isa = PBXBuildFile; fileRef = E21360111FAD6A27005B0ACF /* ViewController.swift */; };
		E2F9BFAF1F7D962200131AF8 /* GCCountryPicker.framework in Frameworks */ = {isa = PBXBuildFile; fileRef = E2644B661F7D93450034EA06 /* GCCountryPicker.framework */; };
/* End PBXBuildFile section */

/* Begin PBXFileReference section */
		E21360051FAD6A27005B0ACF /* AppDelegate.swift */ = {isa = PBXFileReference; fileEncoding = 4; lastKnownFileType = sourcecode.swift; path = AppDelegate.swift; sourceTree = "<group>"; };
		E21360061FAD6A27005B0ACF /* Assets.xcassets */ = {isa = PBXFileReference; lastKnownFileType = folder.assetcatalog; path = Assets.xcassets; sourceTree = "<group>"; };
		E21360081FAD6A27005B0ACF /* Base */ = {isa = PBXFileReference; lastKnownFileType = file.storyboard; name = Base; path = Base.lproj/LaunchScreen.storyboard; sourceTree = "<group>"; };
		E213600A1FAD6A27005B0ACF /* Base */ = {isa = PBXFileReference; lastKnownFileType = file.storyboard; name = Base; path = Base.lproj/Main.storyboard; sourceTree = "<group>"; };
		E213600C1FAD6A27005B0ACF /* de */ = {isa = PBXFileReference; lastKnownFileType = text.plist.strings; name = de; path = de.lproj/Localizable.strings; sourceTree = "<group>"; };
		E213600D1FAD6A27005B0ACF /* en */ = {isa = PBXFileReference; lastKnownFileType = text.plist.strings; name = en; path = en.lproj/Localizable.strings; sourceTree = "<group>"; };
		E213600E1FAD6A27005B0ACF /* fr */ = {isa = PBXFileReference; lastKnownFileType = text.plist.strings; name = fr; path = fr.lproj/Localizable.strings; sourceTree = "<group>"; };
		E213600F1FAD6A27005B0ACF /* Info.plist */ = {isa = PBXFileReference; fileEncoding = 4; lastKnownFileType = text.plist.xml; path = Info.plist; sourceTree = "<group>"; };
		E21360101FAD6A27005B0ACF /* ja */ = {isa = PBXFileReference; lastKnownFileType = text.plist.strings; name = ja; path = ja.lproj/Localizable.strings; sourceTree = "<group>"; };
		E21360111FAD6A27005B0ACF /* ViewController.swift */ = {isa = PBXFileReference; fileEncoding = 4; lastKnownFileType = sourcecode.swift; path = ViewController.swift; sourceTree = "<group>"; };
		E21360121FAD6A27005B0ACF /* zh-Hans */ = {isa = PBXFileReference; lastKnownFileType = text.plist.strings; name = "zh-Hans"; path = "zh-Hans.lproj/Localizable.strings"; sourceTree = "<group>"; };
		E2644B4F1F7D93260034EA06 /* GCCountryPickerDemo.app */ = {isa = PBXFileReference; explicitFileType = wrapper.application; includeInIndex = 0; path = GCCountryPickerDemo.app; sourceTree = BUILT_PRODUCTS_DIR; };
		E2644B661F7D93450034EA06 /* GCCountryPicker.framework */ = {isa = PBXFileReference; explicitFileType = wrapper.framework; path = GCCountryPicker.framework; sourceTree = BUILT_PRODUCTS_DIR; };
/* End PBXFileReference section */

/* Begin PBXFrameworksBuildPhase section */
		E2644B4C1F7D93260034EA06 /* Frameworks */ = {
			isa = PBXFrameworksBuildPhase;
			buildActionMask = 2147483647;
			files = (
				E2F9BFAF1F7D962200131AF8 /* GCCountryPicker.framework in Frameworks */,
			);
			runOnlyForDeploymentPostprocessing = 0;
		};
/* End PBXFrameworksBuildPhase section */

/* Begin PBXGroup section */
		E21360041FAD6A27005B0ACF /* GCCountryPickerDemo */ = {
			isa = PBXGroup;
			children = (
				E21360051FAD6A27005B0ACF /* AppDelegate.swift */,
				E21360111FAD6A27005B0ACF /* ViewController.swift */,
				E21360091FAD6A27005B0ACF /* Main.storyboard */,
				E21360071FAD6A27005B0ACF /* LaunchScreen.storyboard */,
				E21360061FAD6A27005B0ACF /* Assets.xcassets */,
				E213600B1FAD6A27005B0ACF /* Localizable.strings */,
				E213600F1FAD6A27005B0ACF /* Info.plist */,
			);
			name = GCCountryPickerDemo;
			path = Sources/GCCountryPickerDemo;
			sourceTree = "<group>";
		};
		E2644B461F7D93260034EA06 = {
			isa = PBXGroup;
			children = (
				E21360041FAD6A27005B0ACF /* GCCountryPickerDemo */,
				E2644B501F7D93260034EA06 /* Products */,
				E2644B641F7D93450034EA06 /* Frameworks */,
			);
			sourceTree = "<group>";
		};
		E2644B501F7D93260034EA06 /* Products */ = {
			isa = PBXGroup;
			children = (
				E2644B4F1F7D93260034EA06 /* GCCountryPickerDemo.app */,
			);
			name = Products;
			sourceTree = "<group>";
		};
		E2644B641F7D93450034EA06 /* Frameworks */ = {
			isa = PBXGroup;
			children = (
				E2644B661F7D93450034EA06 /* GCCountryPicker.framework */,
			);
			name = Frameworks;
			sourceTree = "<group>";
		};
/* End PBXGroup section */

/* Begin PBXNativeTarget section */
		E2644B4E1F7D93260034EA06 /* GCCountryPickerDemo */ = {
			isa = PBXNativeTarget;
			buildConfigurationList = E2644B611F7D93260034EA06 /* Build configuration list for PBXNativeTarget "GCCountryPickerDemo" */;
			buildPhases = (
				E2644B4B1F7D93260034EA06 /* Sources */,
				E2644B4C1F7D93260034EA06 /* Frameworks */,
				E2644B4D1F7D93260034EA06 /* Resources */,
			);
			buildRules = (
			);
			dependencies = (
			);
			name = GCCountryPickerDemo;
			productName = GCCountryPickerDemo;
			productReference = E2644B4F1F7D93260034EA06 /* GCCountryPickerDemo.app */;
			productType = "com.apple.product-type.application";
		};
/* End PBXNativeTarget section */

/* Begin PBXProject section */
		E2644B471F7D93260034EA06 /* Project object */ = {
			isa = PBXProject;
			attributes = {
				LastSwiftUpdateCheck = 0900;
				LastUpgradeCheck = 0940;
				ORGANIZATIONNAME = "Gray Campbell";
				TargetAttributes = {
					E2644B4E1F7D93260034EA06 = {
						CreatedOnToolsVersion = 9.0;
						LastSwiftMigration = 1020;
						ProvisioningStyle = Automatic;
					};
				};
			};
			buildConfigurationList = E2644B4A1F7D93260034EA06 /* Build configuration list for PBXProject "GCCountryPickerDemo" */;
			compatibilityVersion = "Xcode 8.0";
			developmentRegion = en;
			hasScannedForEncodings = 0;
			knownRegions = (
				en,
				Base,
				"zh-Hans",
				de,
				ja,
				fr,
			);
			mainGroup = E2644B461F7D93260034EA06;
			productRefGroup = E2644B501F7D93260034EA06 /* Products */;
			projectDirPath = "";
			projectRoot = "";
			targets = (
				E2644B4E1F7D93260034EA06 /* GCCountryPickerDemo */,
			);
		};
/* End PBXProject section */

/* Begin PBXResourcesBuildPhase section */
		E2644B4D1F7D93260034EA06 /* Resources */ = {
			isa = PBXResourcesBuildPhase;
			buildActionMask = 2147483647;
			files = (
				E21360161FAD6A28005B0ACF /* Main.storyboard in Resources */,
				E21360171FAD6A28005B0ACF /* Localizable.strings in Resources */,
				E21360141FAD6A28005B0ACF /* Assets.xcassets in Resources */,
				E21360151FAD6A28005B0ACF /* LaunchScreen.storyboard in Resources */,
			);
			runOnlyForDeploymentPostprocessing = 0;
		};
/* End PBXResourcesBuildPhase section */

/* Begin PBXSourcesBuildPhase section */
		E2644B4B1F7D93260034EA06 /* Sources */ = {
			isa = PBXSourcesBuildPhase;
			buildActionMask = 2147483647;
			files = (
				E21360191FAD6A28005B0ACF /* ViewController.swift in Sources */,
				E21360131FAD6A28005B0ACF /* AppDelegate.swift in Sources */,
			);
			runOnlyForDeploymentPostprocessing = 0;
		};
/* End PBXSourcesBuildPhase section */

/* Begin PBXVariantGroup section */
		E21360071FAD6A27005B0ACF /* LaunchScreen.storyboard */ = {
			isa = PBXVariantGroup;
			children = (
				E21360081FAD6A27005B0ACF /* Base */,
			);
			name = LaunchScreen.storyboard;
			sourceTree = "<group>";
		};
		E21360091FAD6A27005B0ACF /* Main.storyboard */ = {
			isa = PBXVariantGroup;
			children = (
				E213600A1FAD6A27005B0ACF /* Base */,
			);
			name = Main.storyboard;
			sourceTree = "<group>";
		};
		E213600B1FAD6A27005B0ACF /* Localizable.strings */ = {
			isa = PBXVariantGroup;
			children = (
				E213600C1FAD6A27005B0ACF /* de */,
				E213600D1FAD6A27005B0ACF /* en */,
				E213600E1FAD6A27005B0ACF /* fr */,
				E21360101FAD6A27005B0ACF /* ja */,
				E21360121FAD6A27005B0ACF /* zh-Hans */,
			);
			name = Localizable.strings;
			sourceTree = "<group>";
		};
/* End PBXVariantGroup section */

/* Begin XCBuildConfiguration section */
		E2644B5F1F7D93260034EA06 /* Debug */ = {
			isa = XCBuildConfiguration;
			buildSettings = {
				ALWAYS_SEARCH_USER_PATHS = NO;
				CLANG_ANALYZER_LOCALIZABILITY_NONLOCALIZED = YES;
				CLANG_ANALYZER_NONNULL = YES;
				CLANG_ANALYZER_NUMBER_OBJECT_CONVERSION = YES_AGGRESSIVE;
				CLANG_CXX_LANGUAGE_STANDARD = "gnu++14";
				CLANG_CXX_LIBRARY = "libc++";
				CLANG_ENABLE_MODULES = YES;
				CLANG_ENABLE_OBJC_ARC = YES;
				CLANG_WARN_BLOCK_CAPTURE_AUTORELEASING = YES;
				CLANG_WARN_BOOL_CONVERSION = YES;
				CLANG_WARN_COMMA = YES;
				CLANG_WARN_CONSTANT_CONVERSION = YES;
				CLANG_WARN_DEPRECATED_OBJC_IMPLEMENTATIONS = YES;
				CLANG_WARN_DIRECT_OBJC_ISA_USAGE = YES_ERROR;
				CLANG_WARN_DOCUMENTATION_COMMENTS = YES;
				CLANG_WARN_EMPTY_BODY = YES;
				CLANG_WARN_ENUM_CONVERSION = YES;
				CLANG_WARN_INFINITE_RECURSION = YES;
				CLANG_WARN_INT_CONVERSION = YES;
				CLANG_WARN_NON_LITERAL_NULL_CONVERSION = YES;
				CLANG_WARN_OBJC_IMPLICIT_RETAIN_SELF = YES;
				CLANG_WARN_OBJC_LITERAL_CONVERSION = YES;
				CLANG_WARN_OBJC_ROOT_CLASS = YES_ERROR;
				CLANG_WARN_RANGE_LOOP_ANALYSIS = YES;
				CLANG_WARN_STRICT_PROTOTYPES = YES;
				CLANG_WARN_SUSPICIOUS_MOVE = YES;
				CLANG_WARN_UNGUARDED_AVAILABILITY = YES_AGGRESSIVE;
				CLANG_WARN_UNREACHABLE_CODE = YES;
				CLANG_WARN__DUPLICATE_METHOD_MATCH = YES;
				CODE_SIGN_IDENTITY = "iPhone Developer";
				COPY_PHASE_STRIP = NO;
				DEBUG_INFORMATION_FORMAT = dwarf;
				ENABLE_STRICT_OBJC_MSGSEND = YES;
				ENABLE_TESTABILITY = YES;
				GCC_C_LANGUAGE_STANDARD = gnu11;
				GCC_DYNAMIC_NO_PIC = NO;
				GCC_NO_COMMON_BLOCKS = YES;
				GCC_OPTIMIZATION_LEVEL = 0;
				GCC_PREPROCESSOR_DEFINITIONS = (
					"DEBUG=1",
					"$(inherited)",
				);
				GCC_WARN_64_TO_32_BIT_CONVERSION = YES;
				GCC_WARN_ABOUT_RETURN_TYPE = YES_ERROR;
				GCC_WARN_UNDECLARED_SELECTOR = YES;
				GCC_WARN_UNINITIALIZED_AUTOS = YES_AGGRESSIVE;
				GCC_WARN_UNUSED_FUNCTION = YES;
				GCC_WARN_UNUSED_VARIABLE = YES;
				IPHONEOS_DEPLOYMENT_TARGET = 9.0;
				MTL_ENABLE_DEBUG_INFO = YES;
				ONLY_ACTIVE_ARCH = YES;
				SDKROOT = iphoneos;
				SWIFT_ACTIVE_COMPILATION_CONDITIONS = DEBUG;
				SWIFT_OPTIMIZATION_LEVEL = "-Onone";
				SWIFT_VERSION = 5.0;
			};
			name = Debug;
		};
		E2644B601F7D93260034EA06 /* Release */ = {
			isa = XCBuildConfiguration;
			buildSettings = {
				ALWAYS_SEARCH_USER_PATHS = NO;
				CLANG_ANALYZER_LOCALIZABILITY_NONLOCALIZED = YES;
				CLANG_ANALYZER_NONNULL = YES;
				CLANG_ANALYZER_NUMBER_OBJECT_CONVERSION = YES_AGGRESSIVE;
				CLANG_CXX_LANGUAGE_STANDARD = "gnu++14";
				CLANG_CXX_LIBRARY = "libc++";
				CLANG_ENABLE_MODULES = YES;
				CLANG_ENABLE_OBJC_ARC = YES;
				CLANG_WARN_BLOCK_CAPTURE_AUTORELEASING = YES;
				CLANG_WARN_BOOL_CONVERSION = YES;
				CLANG_WARN_COMMA = YES;
				CLANG_WARN_CONSTANT_CONVERSION = YES;
				CLANG_WARN_DEPRECATED_OBJC_IMPLEMENTATIONS = YES;
				CLANG_WARN_DIRECT_OBJC_ISA_USAGE = YES_ERROR;
				CLANG_WARN_DOCUMENTATION_COMMENTS = YES;
				CLANG_WARN_EMPTY_BODY = YES;
				CLANG_WARN_ENUM_CONVERSION = YES;
				CLANG_WARN_INFINITE_RECURSION = YES;
				CLANG_WARN_INT_CONVERSION = YES;
				CLANG_WARN_NON_LITERAL_NULL_CONVERSION = YES;
				CLANG_WARN_OBJC_IMPLICIT_RETAIN_SELF = YES;
				CLANG_WARN_OBJC_LITERAL_CONVERSION = YES;
				CLANG_WARN_OBJC_ROOT_CLASS = YES_ERROR;
				CLANG_WARN_RANGE_LOOP_ANALYSIS = YES;
				CLANG_WARN_STRICT_PROTOTYPES = YES;
				CLANG_WARN_SUSPICIOUS_MOVE = YES;
				CLANG_WARN_UNGUARDED_AVAILABILITY = YES_AGGRESSIVE;
				CLANG_WARN_UNREACHABLE_CODE = YES;
				CLANG_WARN__DUPLICATE_METHOD_MATCH = YES;
				CODE_SIGN_IDENTITY = "iPhone Developer";
				COPY_PHASE_STRIP = NO;
				DEBUG_INFORMATION_FORMAT = "dwarf-with-dsym";
				ENABLE_NS_ASSERTIONS = NO;
				ENABLE_STRICT_OBJC_MSGSEND = YES;
				GCC_C_LANGUAGE_STANDARD = gnu11;
				GCC_NO_COMMON_BLOCKS = YES;
				GCC_WARN_64_TO_32_BIT_CONVERSION = YES;
				GCC_WARN_ABOUT_RETURN_TYPE = YES_ERROR;
				GCC_WARN_UNDECLARED_SELECTOR = YES;
				GCC_WARN_UNINITIALIZED_AUTOS = YES_AGGRESSIVE;
				GCC_WARN_UNUSED_FUNCTION = YES;
				GCC_WARN_UNUSED_VARIABLE = YES;
				IPHONEOS_DEPLOYMENT_TARGET = 9.0;
				MTL_ENABLE_DEBUG_INFO = NO;
				SDKROOT = iphoneos;
				SWIFT_OPTIMIZATION_LEVEL = "-Owholemodule";
				SWIFT_VERSION = 5.0;
				VALIDATE_PRODUCT = YES;
			};
			name = Release;
		};
		E2644B621F7D93260034EA06 /* Debug */ = {
			isa = XCBuildConfiguration;
			buildSettings = {
				ASSETCATALOG_COMPILER_APPICON_NAME = AppIcon;
				CODE_SIGN_STYLE = Automatic;
				INFOPLIST_FILE = Sources/GCCountryPickerDemo/Info.plist;
				LD_RUNPATH_SEARCH_PATHS = "$(inherited) @executable_path/Frameworks";
				PRODUCT_BUNDLE_IDENTIFIER = com.graycampbell.GCCountryPickerDemo;
				PRODUCT_NAME = "$(TARGET_NAME)";
				SWIFT_VERSION = 5.0;
				TARGETED_DEVICE_FAMILY = "1,2";
			};
			name = Debug;
		};
		E2644B631F7D93260034EA06 /* Release */ = {
			isa = XCBuildConfiguration;
			buildSettings = {
				ASSETCATALOG_COMPILER_APPICON_NAME = AppIcon;
				CODE_SIGN_STYLE = Automatic;
				INFOPLIST_FILE = Sources/GCCountryPickerDemo/Info.plist;
				LD_RUNPATH_SEARCH_PATHS = "$(inherited) @executable_path/Frameworks";
				PRODUCT_BUNDLE_IDENTIFIER = com.graycampbell.GCCountryPickerDemo;
				PRODUCT_NAME = "$(TARGET_NAME)";
				SWIFT_VERSION = 5.0;
				TARGETED_DEVICE_FAMILY = "1,2";
			};
			name = Release;
		};
/* End XCBuildConfiguration section */

/* Begin XCConfigurationList section */
		E2644B4A1F7D93260034EA06 /* Build configuration list for PBXProject "GCCountryPickerDemo" */ = {
			isa = XCConfigurationList;
			buildConfigurations = (
				E2644B5F1F7D93260034EA06 /* Debug */,
				E2644B601F7D93260034EA06 /* Release */,
			);
			defaultConfigurationIsVisible = 0;
			defaultConfigurationName = Release;
		};
		E2644B611F7D93260034EA06 /* Build configuration list for PBXNativeTarget "GCCountryPickerDemo" */ = {
			isa = XCConfigurationList;
			buildConfigurations = (
				E2644B621F7D93260034EA06 /* Debug */,
				E2644B631F7D93260034EA06 /* Release */,
			);
			defaultConfigurationIsVisible = 0;
			defaultConfigurationName = Release;
		};
/* End XCConfigurationList section */
	};
	rootObject = E2644B471F7D93260034EA06 /* Project object */;
}
